# This file is automatically @generated by Poetry 2.2.1 and should not be changed by hand.

[[package]]
name = "asgiref"
version = "3.11.0"
description = "ASGI specs, helper code, and adapters"
optional = false
python-versions = ">=3.9"
groups = ["main"]
files = [
    {file = "asgiref-3.11.0-py3-none-any.whl", hash = "sha256:1db9021efadb0d9512ce8ffaf72fcef601c7b73a8807a1bb2ef143dc6b14846d"},
    {file = "asgiref-3.11.0.tar.gz", hash = "sha256:13acff32519542a1736223fb79a715acdebe24286d98e8b164a73085f40da2c4"},
]

[package.extras]
tests = ["mypy (>=1.14.0)", "pytest", "pytest-asyncio"]

[[package]]
name = "django"
version = "5.2.9"
description = "A high-level Python web framework that encourages rapid development and clean, pragmatic design."
optional = false
python-versions = ">=3.10"
groups = ["main"]
files = [
    {file = "django-5.2.9-py3-none-any.whl", hash = "sha256:3a4ea88a70370557ab1930b332fd2887a9f48654261cdffda663fef5976bb00a"},
    {file = "django-5.2.9.tar.gz", hash = "sha256:16b5ccfc5e8c27e6c0561af551d2ea32852d7352c67d452ae3e76b4f6b2ca495"},
]

[package.dependencies]
asgiref = ">=3.8.1"
sqlparse = ">=0.3.1"
tzdata = {version = "*", markers = "sys_platform == \"win32\""}

[package.extras]
argon2 = ["argon2-cffi (>=19.1.0)"]
bcrypt = ["bcrypt"]

[[package]]
name = "django-environ"
version = "0.12.0"
description = "A package that allows you to utilize 12factor inspired environment variables to configure your Django application."
optional = false
python-versions = "<4,>=3.9"
groups = ["main"]
files = [
    {file = "django_environ-0.12.0-py2.py3-none-any.whl", hash = "sha256:92fb346a158abda07ffe6eb23135ce92843af06ecf8753f43adf9d2366dcc0ca"},
    {file = "django_environ-0.12.0.tar.gz", hash = "sha256:227dc891453dd5bde769c3449cf4a74b6f2ee8f7ab2361c93a07068f4179041a"},
]

[package.extras]
develop = ["coverage[toml] (>=5.0a4)", "furo (>=2024.8.6)", "pytest (>=4.6.11)", "setuptools (>=71.0.0)", "sphinx (>=5.0)", "sphinx-notfound-page"]
docs = ["furo (>=2024.8.6)", "sphinx (>=5.0)", "sphinx-notfound-page"]
testing = ["coverage[toml] (>=5.0a4)", "pytest (>=4.6.11)", "setuptools (>=71.0.0)"]

[[package]]
name = "django-filter"
version = "25.2"
description = "Django-filter is a reusable Django application for allowing users to filter querysets dynamically."
optional = false
python-versions = ">=3.10"
groups = ["main"]
files = [
    {file = "django_filter-25.2-py3-none-any.whl", hash = "sha256:9c0f8609057309bba611062fe1b720b4a873652541192d232dd28970383633e3"},
    {file = "django_filter-25.2.tar.gz", hash = "sha256:760e984a931f4468d096f5541787efb8998c61217b73006163bf2f9523fe8f23"},
]

[package.dependencies]
Django = ">=5.2"

[package.extras]
drf = ["djangorestframework"]

[[package]]
name = "djangorestframework"
version = "3.16.1"
description = "Web APIs for Django, made easy."
optional = false
python-versions = ">=3.9"
groups = ["main"]
files = [
    {file = "djangorestframework-3.16.1-py3-none-any.whl", hash = "sha256:33a59f47fb9c85ede792cbf88bde71893bcda0667bc573f784649521f1102cec"},
    {file = "djangorestframework-3.16.1.tar.gz", hash = "sha256:166809528b1aced0a17dc66c24492af18049f2c9420dbd0be29422029cfc3ff7"},
]

[package.dependencies]
django = ">=4.2"

[[package]]
name = "markdown"
version = "3.10"
description = "Python implementation of John Gruber's Markdown."
optional = false
python-versions = ">=3.10"
groups = ["main"]
files = [
    {file = "markdown-3.10-py3-none-any.whl", hash = "sha256:b5b99d6951e2e4948d939255596523444c0e677c669700b1d17aa4a8a464cb7c"},
    {file = "markdown-3.10.tar.gz", hash = "sha256:37062d4f2aa4b2b6b32aefb80faa300f82cc790cb949a35b8caede34f2b68c0e"},
]

[package.extras]
docs = ["mdx_gh_links (>=0.2)", "mkdocs (>=1.6)", "mkdocs-gen-files", "mkdocs-literate-nav", "mkdocs-nature (>=0.6)", "mkdocs-section-index", "mkdocstrings[python]"]
testing = ["coverage", "pyyaml"]

[[package]]
name = "psycopg"
version = "3.3.2"
description = "PostgreSQL database adapter for Python"
optional = false
python-versions = ">=3.10"
groups = ["main"]
files = [
    {file = "psycopg-3.3.2-py3-none-any.whl", hash = "sha256:3e94bc5f4690247d734599af56e51bae8e0db8e4311ea413f801fef82b14a99b"},
    {file = "psycopg-3.3.2.tar.gz", hash = "sha256:707a67975ee214d200511177a6a80e56e654754c9afca06a7194ea6bbfde9ca7"},
]

[package.dependencies]
psycopg-binary = {version = "3.3.2", optional = true, markers = "implementation_name != \"pypy\" and extra == \"binary\""}
typing-extensions = {version = ">=4.6", markers = "python_version < \"3.13\""}
tzdata = {version = "*", markers = "sys_platform == \"win32\""}

[package.extras]
binary = ["psycopg-binary (==3.3.2) ; implementation_name != \"pypy\""]
c = ["psycopg-c (==3.3.2) ; implementation_name != \"pypy\""]
dev = ["ast-comments (>=1.1.2)", "black (>=24.1.0)", "codespell (>=2.2)", "cython-lint (>=0.16)", "dnspython (>=2.1)", "flake8 (>=4.0)", "isort-psycopg", "isort[colors] (>=6.0)", "mypy (>=1.19.0)", "pre-commit (>=4.0.1)", "types-setuptools (>=57.4)", "types-shapely (>=2.0)", "wheel (>=0.37)"]
docs = ["Sphinx (>=5.0)", "furo (==2022.6.21)", "sphinx-autobuild (>=2021.3.14)", "sphinx-autodoc-typehints (>=1.12)"]
pool = ["psycopg-pool"]
test = ["anyio (>=4.0)", "mypy (>=1.19.0) ; implementation_name != \"pypy\"", "pproxy (>=2.7)", "pytest (>=6.2.5)", "pytest-cov (>=3.0)", "pytest-randomly (>=3.5)"]

[[package]]
name = "psycopg-binary"
version = "3.3.2"
description = "PostgreSQL database adapter for Python -- C optimisation distribution"
optional = false
python-versions = ">=3.10"
groups = ["main"]
markers = "implementation_name != \"pypy\""
files = [
    {file = "psycopg_binary-3.3.2-cp310-cp310-macosx_10_9_x86_64.whl", hash = "sha256:0768c5f32934bb52a5df098317eca9bdcf411de627c5dca2ee57662b64b54b41"},
    {file = "psycopg_binary-3.3.2-cp310-cp310-macosx_11_0_arm64.whl", hash = "sha256:09b3014013f05cd89828640d3a1db5f829cc24ad8fa81b6e42b2c04685a0c9d4"},
    {file = "psycopg_binary-3.3.2-cp310-cp310-manylinux2014_ppc64le.manylinux_2_17_ppc64le.whl", hash = "sha256:3789d452a9d17a841c7f4f97bbcba51a21f957ea35641a4c98507520e6b6a068"},
    {file = "psycopg_binary-3.3.2-cp310-cp310-manylinux2014_x86_64.manylinux_2_17_x86_64.whl", hash = "sha256:44e89938d36acc4495735af70a886d206a5bfdc80258f95b69b52f68b2968d9e"},
    {file = "psycopg_binary-3.3.2-cp310-cp310-manylinux_2_27_aarch64.manylinux_2_28_aarch64.whl", hash = "sha256:90ed9da805e52985b0202aed4f352842c907c6b4fc6c7c109c6e646c32e2f43b"},
    {file = "psycopg_binary-3.3.2-cp310-cp310-manylinux_2_38_riscv64.manylinux_2_39_riscv64.whl", hash = "sha256:c3a9ccdfee4ae59cf9bf1822777e763bc097ed208f4901e21537fca1070e1391"},
    {file = "psycopg_binary-3.3.2-cp310-cp310-musllinux_1_2_aarch64.whl", hash = "sha256:de9173f8cc0efd88ac2a89b3b6c287a9a0011cdc2f53b2a12c28d6fd55f9f81c"},
    {file = "psycopg_binary-3.3.2-cp310-cp310-musllinux_1_2_ppc64le.whl", hash = "sha256:0611f4822674f3269e507a307236efb62ae5a828fcfc923ac85fe22ca19fd7c8"},
    {file = "psycopg_binary-3.3.2-cp310-cp310-musllinux_1_2_riscv64.whl", hash = "sha256:522b79c7db547767ca923e441c19b97a2157f2f494272a119c854bba4804e186"},
    {file = "psycopg_binary-3.3.2-cp310-cp310-musllinux_1_2_x86_64.whl", hash = "sha256:1ea41c0229f3f5a3844ad0857a83a9f869aa7b840448fa0c200e6bcf85d33d19"},
    {file = "psycopg_binary-3.3.2-cp310-cp310-win_amd64.whl", hash = "sha256:8ea05b499278790a8fa0ff9854ab0de2542aca02d661ddff94e830df971ff640"},
    {file = "psycopg_binary-3.3.2-cp311-cp311-macosx_10_9_x86_64.whl", hash = "sha256:94503b79f7da0b65c80d0dbb2f81dd78b300319ec2435d5e6dcf9622160bc2fa"},
    {file = "psycopg_binary-3.3.2-cp311-cp311-macosx_11_0_arm64.whl", hash = "sha256:07a5f030e0902ec3e27d0506ceb01238c0aecbc73ecd7fa0ee55f86134600b5b"},
    {file = "psycopg_binary-3.3.2-cp311-cp311-manylinux2014_ppc64le.manylinux_2_17_ppc64le.whl", hash = "sha256:1e09d0d93d35c134704a2cb2b15f81ffc8174fd602f3e08f7b1a3d8896156cf0"},
    {file = "psycopg_binary-3.3.2-cp311-cp311-manylinux2014_x86_64.manylinux_2_17_x86_64.whl", hash = "sha256:649c1d33bedda431e0c1df646985fbbeb9274afa964e1aef4be053c0f23a2924"},
    {file = "psycopg_binary-3.3.2-cp311-cp311-manylinux_2_27_aarch64.manylinux_2_28_aarch64.whl", hash = "sha256:c5774272f754605059521ff037a86e680342e3847498b0aa86b0f3560c70963c"},
    {file = "psycopg_binary-3.3.2-cp311-cp311-manylinux_2_38_riscv64.manylinux_2_39_riscv64.whl", hash = "sha256:d391b70c9cc23f6e1142729772a011f364199d2c5ddc0d596f5f43316fbf982d"},
    {file = "psycopg_binary-3.3.2-cp311-cp311-musllinux_1_2_aarch64.whl", hash = "sha256:f3f601f32244a677c7b029ec39412db2772ad04a28bc2cbb4b1f0931ed0ffad7"},
    {file = "psycopg_binary-3.3.2-cp311-cp311-musllinux_1_2_ppc64le.whl", hash = "sha256:0ae60e910531cfcc364a8f615a7941cac89efeb3f0fffe0c4824a6d11461eef7"},
    {file = "psycopg_binary-3.3.2-cp311-cp311-musllinux_1_2_riscv64.whl", hash = "sha256:7c43a773dd1a481dbb2fe64576aa303d80f328cce0eae5e3e4894947c41d1da7"},
    {file = "psycopg_binary-3.3.2-cp311-cp311-musllinux_1_2_x86_64.whl", hash = "sha256:5a327327f1188b3fbecac41bf1973a60b86b2eb237db10dc945bd3dc97ec39e4"},
    {file = "psycopg_binary-3.3.2-cp311-cp311-win_amd64.whl", hash = "sha256:136c43f185244893a527540307167f5d3ef4e08786508afe45d6f146228f5aa9"},
    {file = "psycopg_binary-3.3.2-cp312-cp312-macosx_10_13_x86_64.whl", hash = "sha256:a9387ab615f929e71ef0f4a8a51e986fa06236ccfa9f3ec98a88f60fbf230634"},
    {file = "psycopg_binary-3.3.2-cp312-cp312-macosx_11_0_arm64.whl", hash = "sha256:3ff7489df5e06c12d1829544eaec64970fe27fe300f7cf04c8495fe682064688"},
    {file = "psycopg_binary-3.3.2-cp312-cp312-manylinux2014_ppc64le.manylinux_2_17_ppc64le.whl", hash = "sha256:9742580ecc8e1ac45164e98d32ca6df90da509c2d3ff26be245d94c430f92db4"},
    {file = "psycopg_binary-3.3.2-cp312-cp312-manylinux2014_x86_64.manylinux_2_17_x86_64.whl", hash = "sha256:d45acedcaa58619355f18e0f42af542fcad3fd84ace4b8355d3a5dea23318578"},
    {file = "psycopg_binary-3.3.2-cp312-cp312-manylinux_2_27_aarch64.manylinux_2_28_aarch64.whl", hash = "sha256:d88f32ff8c47cb7f4e7e7a9d1747dcee6f3baa19ed9afa9e5694fd2fb32b61ed"},
    {file = "psycopg_binary-3.3.2-cp312-cp312-manylinux_2_38_riscv64.manylinux_2_39_riscv64.whl", hash = "sha256:59d0163c4617a2c577cb34afbed93d7a45b8c8364e54b2bd2020ff25d5f5f860"},
    {file = "psycopg_binary-3.3.2-cp312-cp312-musllinux_1_2_aarch64.whl", hash = "sha256:e750afe74e6c17b2c7046d2c3e3173b5a3f6080084671c8aa327215323df155b"},
    {file = "psycopg_binary-3.3.2-cp312-cp312-musllinux_1_2_ppc64le.whl", hash = "sha256:f26f113013c4dcfbfe9ced57b5bad2035dda1a7349f64bf726021968f9bccad3"},
    {file = "psycopg_binary-3.3.2-cp312-cp312-musllinux_1_2_riscv64.whl", hash = "sha256:8309ee4569dced5e81df5aa2dcd48c7340c8dee603a66430f042dfbd2878edca"},
    {file = "psycopg_binary-3.3.2-cp312-cp312-musllinux_1_2_x86_64.whl", hash = "sha256:c6464150e25b68ae3cb04c4e57496ea11ebfaae4d98126aea2f4702dd43e3c12"},
    {file = "psycopg_binary-3.3.2-cp312-cp312-win_amd64.whl", hash = "sha256:716a586f99bbe4f710dc58b40069fcb33c7627e95cc6fc936f73c9235e07f9cf"},
    {file = "psycopg_binary-3.3.2-cp313-cp313-macosx_10_13_x86_64.whl", hash = "sha256:fc5a189e89cbfff174588665bb18d28d2d0428366cc9dae5864afcaa2e57380b"},
    {file = "psycopg_binary-3.3.2-cp313-cp313-macosx_11_0_arm64.whl", hash = "sha256:083c2e182be433f290dc2c516fd72b9b47054fcd305cce791e0a50d9e93e06f2"},
    {file = "psycopg_binary-3.3.2-cp313-cp313-manylinux2014_ppc64le.manylinux_2_17_ppc64le.whl", hash = "sha256:ac230e3643d1c436a2dfb59ca84357dfc6862c9f372fc5dbd96bafecae581f9f"},
    {file = "psycopg_binary-3.3.2-cp313-cp313-manylinux2014_x86_64.manylinux_2_17_x86_64.whl", hash = "sha256:d8c899a540f6c7585cee53cddc929dd4d2db90fd828e37f5d4017b63acbc1a5d"},
    {file = "psycopg_binary-3.3.2-cp313-cp313-manylinux_2_27_aarch64.manylinux_2_28_aarch64.whl", hash = "sha256:50ff10ab8c0abdb5a5451b9315538865b50ba64c907742a1385fdf5f5772b73e"},
    {file = "psycopg_binary-3.3.2-cp313-cp313-manylinux_2_38_riscv64.manylinux_2_39_riscv64.whl", hash = "sha256:23d2594af848c1fd3d874a9364bef50730124e72df7bb145a20cb45e728c50ed"},
    {file = "psycopg_binary-3.3.2-cp313-cp313-musllinux_1_2_aarch64.whl", hash = "sha256:ea4fe6b4ead3bbbe27244ea224fcd1f53cb119afc38b71a2f3ce570149a03e30"},
    {file = "psycopg_binary-3.3.2-cp313-cp313-musllinux_1_2_ppc64le.whl", hash = "sha256:742ce48cde825b8e52fb1a658253d6d1ff66d152081cbc76aa45e2986534858d"},
    {file = "psycopg_binary-3.3.2-cp313-cp313-musllinux_1_2_riscv64.whl", hash = "sha256:e22bf6b54df994aff37ab52695d635f1ef73155e781eee1f5fa75bc08b58c8da"},
    {file = "psycopg_binary-3.3.2-cp313-cp313-musllinux_1_2_x86_64.whl", hash = "sha256:8db9034cde3bcdafc66980f0130813f5c5d19e74b3f2a19fb3cfbc25ad113121"},
    {file = "psycopg_binary-3.3.2-cp313-cp313-win_amd64.whl", hash = "sha256:df65174c7cf6b05ea273ce955927d3270b3a6e27b0b12762b009ce6082b8d3fc"},
    {file = "psycopg_binary-3.3.2-cp314-cp314-macosx_10_15_x86_64.whl", hash = "sha256:9ca24062cd9b2270e4d77576042e9cc2b1d543f09da5aba1f1a3d016cea28390"},
    {file = "psycopg_binary-3.3.2-cp314-cp314-macosx_11_0_arm64.whl", hash = "sha256:c749770da0947bc972e512f35366dd4950c0e34afad89e60b9787a37e97cb443"},
    {file = "psycopg_binary-3.3.2-cp314-cp314-manylinux2014_ppc64le.manylinux_2_17_ppc64le.whl", hash = "sha256:03b7cd73fb8c45d272a34ae7249713e32492891492681e3cf11dff9531cf37e9"},
    {file = "psycopg_binary-3.3.2-cp314-cp314-manylinux2014_x86_64.manylinux_2_17_x86_64.whl", hash = "sha256:43b130e3b6edcb5ee856c7167ccb8561b473308c870ed83978ae478613764f1c"},
    {file = "psycopg_binary-3.3.2-cp314-cp314-manylinux_2_27_aarch64.manylinux_2_28_aarch64.whl", hash = "sha256:7c1feba5a8c617922321aef945865334e468337b8fc5c73074f5e63143013b5a"},
    {file = "psycopg_binary-3.3.2-cp314-cp314-manylinux_2_38_riscv64.manylinux_2_39_riscv64.whl", hash = "sha256:cabb2a554d9a0a6bf84037d86ca91782f087dfff2a61298d0b00c19c0bc43f6d"},
    {file = "psycopg_binary-3.3.2-cp314-cp314-musllinux_1_2_aarch64.whl", hash = "sha256:74bc306c4b4df35b09bc8cecf806b271e1c5d708f7900145e4e54a2e5dedfed0"},
    {file = "psycopg_binary-3.3.2-cp314-cp314-musllinux_1_2_ppc64le.whl", hash = "sha256:d79b0093f0fbf7a962d6a46ae292dc056c65d16a8ee9361f3cfbafd4c197ab14"},
    {file = "psycopg_binary-3.3.2-cp314-cp314-musllinux_1_2_riscv64.whl", hash = "sha256:1586e220be05547c77afc326741dd41cc7fba38a81f9931f616ae98865439678"},
    {file = "psycopg_binary-3.3.2-cp314-cp314-musllinux_1_2_x86_64.whl", hash = "sha256:458696a5fa5dad5b6fb5d5862c22454434ce4fe1cf66ca6c0de5f904cbc1ae3e"},
    {file = "psycopg_binary-3.3.2-cp314-cp314-win_amd64.whl", hash = "sha256:04bb2de4ba69d6f8395b446ede795e8884c040ec71d01dd07ac2b2d18d4153d1"},
]

[[package]]
name = "sqlparse"
version = "0.5.4"
description = "A non-validating SQL parser."
optional = false
python-versions = ">=3.8"
groups = ["main"]
files = [
    {file = "sqlparse-0.5.4-py3-none-any.whl", hash = "sha256:99a9f0314977b76d776a0fcb8554de91b9bb8a18560631d6bc48721d07023dcb"},
    {file = "sqlparse-0.5.4.tar.gz", hash = "sha256:4396a7d3cf1cd679c1be976cf3dc6e0a51d0111e87787e7a8d780e7d5a998f9e"},
]

[package.extras]
dev = ["build"]
doc = ["sphinx"]

[[package]]
name = "typing-extensions"
version = "4.15.0"
description = "Backported and Experimental Type Hints for Python 3.9+"
optional = false
python-versions = ">=3.9"
groups = ["main"]
markers = "python_version < \"3.13\""
files = [
    {file = "typing_extensions-4.15.0-py3-none-any.whl", hash = "sha256:f0fa19c6845758ab08074a0cfa8b7aecb71c999ca73d62883bc25cc018c4e548"},
    {file = "typing_extensions-4.15.0.tar.gz", hash = "sha256:0cea48d173cc12fa28ecabc3b837ea3cf6f38c6d1136f85cbaaf598984861466"},
]

[[package]]
name = "tzdata"
version = "2025.2"
description = "Provider of IANA time zone data"
optional = false
python-versions = ">=2"
groups = ["main"]
markers = "sys_platform == \"win32\""
files = [
    {file = "tzdata-2025.2-py2.py3-none-any.whl", hash = "sha256:1a403fada01ff9221ca8044d701868fa132215d84beb92242d9acd2147f667a8"},
    {file = "tzdata-2025.2.tar.gz", hash = "sha256:b60a638fcc0daffadf82fe0f57e53d06bdec2f36c4df66280ae79bce6bd6f2b9"},
]

[metadata]
lock-version = "2.1"
python-versions = ">=3.11, <4"
content-hash = "fabacb09c024b137ca188308e6ef9da3980556b27e30c51a7d11edddddce0850"
